
Microsoft Visual Studio Solution File, Format Version 12.00
# Visual Studio Version 17
VisualStudioVersion = 17.8.34330.188
MinimumVisualStudioVersion = 10.0.40219.1
Project("{FAE04EC0-301F-11D3-BF4B-00C04F79EFBC}") = "Arrays", "Arrays\Arrays.csproj", "{CCA07A49-267E-4BEB-BAFD-89EDE1BEA4B3}"
EndProject
Global
	GlobalSection(SolutionConfigurationPlatforms) = preSolution
		Debug|Any CPU = Debug|Any CPU
		Release|Any CPU = Release|Any CPU
	EndGlobalSection
	GlobalSection(ProjectConfigurationPlatforms) = postSolution
		{CCA07A49-267E-4BEB-BAFD-89EDE1BEA4B3}.Debug|Any CPU.ActiveCfg = Debug|Any CPU
		{CCA07A49-267E-4BEB-BAFD-89EDE1BEA4B3}.Debug|Any CPU.Build.0 = Debug|Any CPU
		{CCA07A49-267E-4BEB-BAFD-89EDE1BEA4B3}.Release|Any CPU.ActiveCfg = Release|Any CPU
		{CCA07A49-267E-4BEB-BAFD-89EDE1BEA4B3}.Release|Any CPU.Build.0 = Release|Any CPU
	EndGlobalSection
	GlobalSection(SolutionProperties) = preSolution
		HideSolutionNode = FALSE
	EndGlobalSection
	GlobalSection(ExtensibilityGlobals) = postSolution
		SolutionGuid = {1585C1CB-3287-4304-9A6C-7C92D4E484E4}
	EndGlobalSection
EndGlobal
